
Microsoft Visual Studio Solution File, Format Version 12.00
# Visual Studio 15
VisualStudioVersion = 15.0.26430.16
MinimumVisualStudioVersion = 10.0.40219.1
Project("{FAE04EC0-301F-11D3-BF4B-00C04F79EFBC}") = "SanityCheck.Droid", "SanityCheck\SanityCheck.Droid\SanityCheck.Droid.csproj", "{27F8C498-7A48-4C7A-B898-0B0FB720D1E6}"
EndProject
Project("{FAE04EC0-301F-11D3-BF4B-00C04F79EFBC}") = "SanityCheck.iOS", "SanityCheck\SanityCheck.iOS\SanityCheck.iOS.csproj", "{436C1E1F-20C6-4532-8A8B-58F7F5034EC0}"
EndProject
Project("{FAE04EC0-301F-11D3-BF4B-00C04F79EFBC}") = "SanityCheck.UWP", "SanityCheck\SanityCheck.UWP\SanityCheck.UWP.csproj", "{E3E73B35-39BE-476C-A754-402A99144119}"
EndProject
Project("{2150E333-8FDC-42A3-9474-1A3956D46DE8}") = "Solution Items", "Solution Items", "{F092E329-4D20-47D8-B235-E8070BE60564}"
	ProjectSection(SolutionItems) = preProject
		.gitattributes = .gitattributes
		.gitignore = .gitignore
		ReadMe.md = ReadMe.md
	EndProjectSection
EndProject
Project("{9A19103F-16F7-4668-BE54-9A1E7A4F7556}") = "SanityCheck.Forms", "SanityCheck\SanityCheck.Forms\SanityCheck.Forms.csproj", "{47553179-E04F-4465-BDC5-680F9F4BB130}"
EndProject
Project("{2150E333-8FDC-42A3-9474-1A3956D46DE8}") = "Forms", "Forms", "{580DE448-03FD-44DB-89A4-4E33A02F76E2}"
EndProject
Project("{2150E333-8FDC-42A3-9474-1A3956D46DE8}") = "Platform", "Platform", "{EB5FCC14-C72A-4710-90AA-8FB784354B46}"
EndProject
Global
	GlobalSection(SolutionConfigurationPlatforms) = preSolution
		Ad-Hoc|Any CPU = Ad-Hoc|Any CPU
		Ad-Hoc|ARM = Ad-Hoc|ARM
		Ad-Hoc|iPhone = Ad-Hoc|iPhone
		Ad-Hoc|iPhoneSimulator = Ad-Hoc|iPhoneSimulator
		Ad-Hoc|x64 = Ad-Hoc|x64
		Ad-Hoc|x86 = Ad-Hoc|x86
		AppStore|Any CPU = AppStore|Any CPU
		AppStore|ARM = AppStore|ARM
		AppStore|iPhone = AppStore|iPhone
		AppStore|iPhoneSimulator = AppStore|iPhoneSimulator
		AppStore|x64 = AppStore|x64
		AppStore|x86 = AppStore|x86
		Debug|Any CPU = Debug|Any CPU
		Debug|ARM = Debug|ARM
		Debug|iPhone = Debug|iPhone
		Debug|iPhoneSimulator = Debug|iPhoneSimulator
		Debug|x64 = Debug|x64
		Debug|x86 = Debug|x86
		Release|Any CPU = Release|Any CPU
		Release|ARM = Release|ARM
		Release|iPhone = Release|iPhone
		Release|iPhoneSimulator = Release|iPhoneSimulator
		Release|x64 = Release|x64
		Release|x86 = Release|x86
	EndGlobalSection
	GlobalSection(ProjectConfigurationPlatforms) = postSolution
		{27F8C498-7A48-4C7A-B898-0B0FB720D1E6}.Ad-Hoc|Any CPU.ActiveCfg = Release|Any CPU
		{27F8C498-7A48-4C7A-B898-0B0FB720D1E6}.Ad-Hoc|Any CPU.Build.0 = Release|Any CPU
		{27F8C498-7A48-4C7A-B898-0B0FB720D1E6}.Ad-Hoc|Any CPU.Deploy.0 = Release|Any CPU
		{27F8C498-7A48-4C7A-B898-0B0FB720D1E6}.Ad-Hoc|ARM.ActiveCfg = Release|Any CPU
		{27F8C498-7A48-4C7A-B898-0B0FB720D1E6}.Ad-Hoc|ARM.Build.0 = Release|Any CPU
		{27F8C498-7A48-4C7A-B898-0B0FB720D1E6}.Ad-Hoc|ARM.Deploy.0 = Release|Any CPU
		{27F8C498-7A48-4C7A-B898-0B0FB720D1E6}.Ad-Hoc|iPhone.ActiveCfg = Release|Any CPU
		{27F8C498-7A48-4C7A-B898-0B0FB720D1E6}.Ad-Hoc|iPhone.Build.0 = Release|Any CPU
		{27F8C498-7A48-4C7A-B898-0B0FB720D1E6}.Ad-Hoc|iPhone.Deploy.0 = Release|Any CPU
		{27F8C498-7A48-4C7A-B898-0B0FB720D1E6}.Ad-Hoc|iPhoneSimulator.ActiveCfg = Release|Any CPU
		{27F8C498-7A48-4C7A-B898-0B0FB720D1E6}.Ad-Hoc|iPhoneSimulator.Build.0 = Release|Any CPU
		{27F8C498-7A48-4C7A-B898-0B0FB720D1E6}.Ad-Hoc|iPhoneSimulator.Deploy.0 = Release|Any CPU
		{27F8C498-7A48-4C7A-B898-0B0FB720D1E6}.Ad-Hoc|x64.ActiveCfg = Release|Any CPU
		{27F8C498-7A48-4C7A-B898-0B0FB720D1E6}.Ad-Hoc|x64.Build.0 = Release|Any CPU
		{27F8C498-7A48-4C7A-B898-0B0FB720D1E6}.Ad-Hoc|x64.Deploy.0 = Release|Any CPU
		{27F8C498-7A48-4C7A-B898-0B0FB720D1E6}.Ad-Hoc|x86.ActiveCfg = Release|Any CPU
		{27F8C498-7A48-4C7A-B898-0B0FB720D1E6}.Ad-Hoc|x86.Build.0 = Release|Any CPU
		{27F8C498-7A48-4C7A-B898-0B0FB720D1E6}.Ad-Hoc|x86.Deploy.0 = Release|Any CPU
		{27F8C498-7A48-4C7A-B898-0B0FB720D1E6}.AppStore|Any CPU.ActiveCfg = Release|Any CPU
		{27F8C498-7A48-4C7A-B898-0B0FB720D1E6}.AppStore|Any CPU.Build.0 = Release|Any CPU
		{27F8C498-7A48-4C7A-B898-0B0FB720D1E6}.AppStore|Any CPU.Deploy.0 = Release|Any CPU
		{27F8C498-7A48-4C7A-B898-0B0FB720D1E6}.AppStore|ARM.ActiveCfg = Release|Any CPU
		{27F8C498-7A48-4C7A-B898-0B0FB720D1E6}.AppStore|ARM.Build.0 = Release|Any CPU
		{27F8C498-7A48-4C7A-B898-0B0FB720D1E6}.AppStore|ARM.Deploy.0 = Release|Any CPU
		{27F8C498-7A48-4C7A-B898-0B0FB720D1E6}.AppStore|iPhone.ActiveCfg = Release|Any CPU
		{27F8C498-7A48-4C7A-B898-0B0FB720D1E6}.AppStore|iPhone.Build.0 = Release|Any CPU
		{27F8C498-7A48-4C7A-B898-0B0FB720D1E6}.AppStore|iPhone.Deploy.0 = Release|Any CPU
		{27F8C498-7A48-4C7A-B898-0B0FB720D1E6}.AppStore|iPhoneSimulator.ActiveCfg = Release|Any CPU
		{27F8C498-7A48-4C7A-B898-0B0FB720D1E6}.AppStore|iPhoneSimulator.Build.0 = Release|Any CPU
		{27F8C498-7A48-4C7A-B898-0B0FB720D1E6}.AppStore|iPhoneSimulator.Deploy.0 = Release|Any CPU
		{27F8C498-7A48-4C7A-B898-0B0FB720D1E6}.AppStore|x64.ActiveCfg = Release|Any CPU
		{27F8C498-7A48-4C7A-B898-0B0FB720D1E6}.AppStore|x64.Build.0 = Release|Any CPU
		{27F8C498-7A48-4C7A-B898-0B0FB720D1E6}.AppStore|x64.Deploy.0 = Release|Any CPU
		{27F8C498-7A48-4C7A-B898-0B0FB720D1E6}.AppStore|x86.ActiveCfg = Release|Any CPU
		{27F8C498-7A48-4C7A-B898-0B0FB720D1E6}.AppStore|x86.Build.0 = Release|Any CPU
		{27F8C498-7A48-4C7A-B898-0B0FB720D1E6}.AppStore|x86.Deploy.0 = Release|Any CPU
		{27F8C498-7A48-4C7A-B898-0B0FB720D1E6}.Debug|Any CPU.ActiveCfg = Debug|Any CPU
		{27F8C498-7A48-4C7A-B898-0B0FB720D1E6}.Debug|Any CPU.Build.0 = Debug|Any CPU
		{27F8C498-7A48-4C7A-B898-0B0FB720D1E6}.Debug|Any CPU.Deploy.0 = Debug|Any CPU
		{27F8C498-7A48-4C7A-B898-0B0FB720D1E6}.Debug|ARM.ActiveCfg = Debug|Any CPU
		{27F8C498-7A48-4C7A-B898-0B0FB720D1E6}.Debug|ARM.Build.0 = Debug|Any CPU
		{27F8C498-7A48-4C7A-B898-0B0FB720D1E6}.Debug|ARM.Deploy.0 = Debug|Any CPU
		{27F8C498-7A48-4C7A-B898-0B0FB720D1E6}.Debug|iPhone.ActiveCfg = Debug|Any CPU
		{27F8C498-7A48-4C7A-B898-0B0FB720D1E6}.Debug|iPhone.Build.0 = Debug|Any CPU
		{27F8C498-7A48-4C7A-B898-0B0FB720D1E6}.Debug|iPhone.Deploy.0 = Debug|Any CPU
		{27F8C498-7A48-4C7A-B898-0B0FB720D1E6}.Debug|iPhoneSimulator.ActiveCfg = Debug|Any CPU
		{27F8C498-7A48-4C7A-B898-0B0FB720D1E6}.Debug|iPhoneSimulator.Build.0 = Debug|Any CPU
		{27F8C498-7A48-4C7A-B898-0B0FB720D1E6}.Debug|iPhoneSimulator.Deploy.0 = Debug|Any CPU
		{27F8C498-7A48-4C7A-B898-0B0FB720D1E6}.Debug|x64.ActiveCfg = Debug|Any CPU
		{27F8C498-7A48-4C7A-B898-0B0FB720D1E6}.Debug|x64.Build.0 = Debug|Any CPU
		{27F8C498-7A48-4C7A-B898-0B0FB720D1E6}.Debug|x64.Deploy.0 = Debug|Any CPU
		{27F8C498-7A48-4C7A-B898-0B0FB720D1E6}.Debug|x86.ActiveCfg = Debug|Any CPU
		{27F8C498-7A48-4C7A-B898-0B0FB720D1E6}.Debug|x86.Build.0 = Debug|Any CPU
		{27F8C498-7A48-4C7A-B898-0B0FB720D1E6}.Debug|x86.Deploy.0 = Debug|Any CPU
		{27F8C498-7A48-4C7A-B898-0B0FB720D1E6}.Release|Any CPU.ActiveCfg = Release|Any CPU
		{27F8C498-7A48-4C7A-B898-0B0FB720D1E6}.Release|Any CPU.Build.0 = Release|Any CPU
		{27F8C498-7A48-4C7A-B898-0B0FB720D1E6}.Release|Any CPU.Deploy.0 = Release|Any CPU
		{27F8C498-7A48-4C7A-B898-0B0FB720D1E6}.Release|ARM.ActiveCfg = Release|Any CPU
		{27F8C498-7A48-4C7A-B898-0B0FB720D1E6}.Release|ARM.Build.0 = Release|Any CPU
		{27F8C498-7A48-4C7A-B898-0B0FB720D1E6}.Release|ARM.Deploy.0 = Release|Any CPU
		{27F8C498-7A48-4C7A-B898-0B0FB720D1E6}.Release|iPhone.ActiveCfg = Release|Any CPU
		{27F8C498-7A48-4C7A-B898-0B0FB720D1E6}.Release|iPhone.Build.0 = Release|Any CPU
		{27F8C498-7A48-4C7A-B898-0B0FB720D1E6}.Release|iPhone.Deploy.0 = Release|Any CPU
		{27F8C498-7A48-4C7A-B898-0B0FB720D1E6}.Release|iPhoneSimulator.ActiveCfg = Release|Any CPU
		{27F8C498-7A48-4C7A-B898-0B0FB720D1E6}.Release|iPhoneSimulator.Build.0 = Release|Any CPU
		{27F8C498-7A48-4C7A-B898-0B0FB720D1E6}.Release|iPhoneSimulator.Deploy.0 = Release|Any CPU
		{27F8C498-7A48-4C7A-B898-0B0FB720D1E6}.Release|x64.ActiveCfg = Release|Any CPU
		{27F8C498-7A48-4C7A-B898-0B0FB720D1E6}.Release|x64.Build.0 = Release|Any CPU
		{27F8C498-7A48-4C7A-B898-0B0FB720D1E6}.Release|x64.Deploy.0 = Release|Any CPU
		{27F8C498-7A48-4C7A-B898-0B0FB720D1E6}.Release|x86.ActiveCfg = Release|Any CPU
		{27F8C498-7A48-4C7A-B898-0B0FB720D1E6}.Release|x86.Build.0 = Release|Any CPU
		{27F8C498-7A48-4C7A-B898-0B0FB720D1E6}.Release|x86.Deploy.0 = Release|Any CPU
		{436C1E1F-20C6-4532-8A8B-58F7F5034EC0}.Ad-Hoc|Any CPU.ActiveCfg = Ad-Hoc|iPhone
		{436C1E1F-20C6-4532-8A8B-58F7F5034EC0}.Ad-Hoc|ARM.ActiveCfg = Ad-Hoc|iPhone
		{436C1E1F-20C6-4532-8A8B-58F7F5034EC0}.Ad-Hoc|iPhone.ActiveCfg = Ad-Hoc|iPhone
		{436C1E1F-20C6-4532-8A8B-58F7F5034EC0}.Ad-Hoc|iPhone.Build.0 = Ad-Hoc|iPhone
		{436C1E1F-20C6-4532-8A8B-58F7F5034EC0}.Ad-Hoc|iPhoneSimulator.ActiveCfg = Ad-Hoc|iPhoneSimulator
		{436C1E1F-20C6-4532-8A8B-58F7F5034EC0}.Ad-Hoc|iPhoneSimulator.Build.0 = Ad-Hoc|iPhoneSimulator
		{436C1E1F-20C6-4532-8A8B-58F7F5034EC0}.Ad-Hoc|x64.ActiveCfg = Ad-Hoc|iPhone
		{436C1E1F-20C6-4532-8A8B-58F7F5034EC0}.Ad-Hoc|x86.ActiveCfg = Ad-Hoc|iPhone
		{436C1E1F-20C6-4532-8A8B-58F7F5034EC0}.AppStore|Any CPU.ActiveCfg = AppStore|iPhone
		{436C1E1F-20C6-4532-8A8B-58F7F5034EC0}.AppStore|ARM.ActiveCfg = AppStore|iPhone
		{436C1E1F-20C6-4532-8A8B-58F7F5034EC0}.AppStore|iPhone.ActiveCfg = AppStore|iPhone
		{436C1E1F-20C6-4532-8A8B-58F7F5034EC0}.AppStore|iPhone.Build.0 = AppStore|iPhone
		{436C1E1F-20C6-4532-8A8B-58F7F5034EC0}.AppStore|iPhoneSimulator.ActiveCfg = AppStore|iPhoneSimulator
		{436C1E1F-20C6-4532-8A8B-58F7F5034EC0}.AppStore|iPhoneSimulator.Build.0 = AppStore|iPhoneSimulator
		{436C1E1F-20C6-4532-8A8B-58F7F5034EC0}.AppStore|x64.ActiveCfg = AppStore|iPhone
		{436C1E1F-20C6-4532-8A8B-58F7F5034EC0}.AppStore|x86.ActiveCfg = AppStore|iPhone
		{436C1E1F-20C6-4532-8A8B-58F7F5034EC0}.Debug|Any CPU.ActiveCfg = Debug|iPhone
		{436C1E1F-20C6-4532-8A8B-58F7F5034EC0}.Debug|ARM.ActiveCfg = Debug|iPhone
		{436C1E1F-20C6-4532-8A8B-58F7F5034EC0}.Debug|iPhone.ActiveCfg = Debug|iPhone
		{436C1E1F-20C6-4532-8A8B-58F7F5034EC0}.Debug|iPhone.Build.0 = Debug|iPhone
		{436C1E1F-20C6-4532-8A8B-58F7F5034EC0}.Debug|iPhoneSimulator.ActiveCfg = Debug|iPhoneSimulator
		{436C1E1F-20C6-4532-8A8B-58F7F5034EC0}.Debug|iPhoneSimulator.Build.0 = Debug|iPhoneSimulator
		{436C1E1F-20C6-4532-8A8B-58F7F5034EC0}.Debug|x64.ActiveCfg = Debug|iPhone
		{436C1E1F-20C6-4532-8A8B-58F7F5034EC0}.Debug|x86.ActiveCfg = Debug|iPhone
		{436C1E1F-20C6-4532-8A8B-58F7F5034EC0}.Release|Any CPU.ActiveCfg = Release|iPhone
		{436C1E1F-20C6-4532-8A8B-58F7F5034EC0}.Release|ARM.ActiveCfg = Release|iPhone
		{436C1E1F-20C6-4532-8A8B-58F7F5034EC0}.Release|iPhone.ActiveCfg = Release|iPhone
		{436C1E1F-20C6-4532-8A8B-58F7F5034EC0}.Release|iPhone.Build.0 = Release|iPhone
		{436C1E1F-20C6-4532-8A8B-58F7F5034EC0}.Release|iPhoneSimulator.ActiveCfg = Release|iPhoneSimulator
		{436C1E1F-20C6-4532-8A8B-58F7F5034EC0}.Release|iPhoneSimulator.Build.0 = Release|iPhoneSimulator
		{436C1E1F-20C6-4532-8A8B-58F7F5034EC0}.Release|x64.ActiveCfg = Release|iPhone
		{436C1E1F-20C6-4532-8A8B-58F7F5034EC0}.Release|x86.ActiveCfg = Release|iPhone
		{E3E73B35-39BE-476C-A754-402A99144119}.Ad-Hoc|Any CPU.ActiveCfg = Release|x86
		{E3E73B35-39BE-476C-A754-402A99144119}.Ad-Hoc|Any CPU.Build.0 = Release|x86
		{E3E73B35-39BE-476C-A754-402A99144119}.Ad-Hoc|Any CPU.Deploy.0 = Release|x86
		{E3E73B35-39BE-476C-A754-402A99144119}.Ad-Hoc|ARM.ActiveCfg = Release|ARM
		{E3E73B35-39BE-476C-A754-402A99144119}.Ad-Hoc|ARM.Build.0 = Release|ARM
		{E3E73B35-39BE-476C-A754-402A99144119}.Ad-Hoc|ARM.Deploy.0 = Release|ARM
		{E3E73B35-39BE-476C-A754-402A99144119}.Ad-Hoc|iPhone.ActiveCfg = Release|x86
		{E3E73B35-39BE-476C-A754-402A99144119}.Ad-Hoc|iPhone.Build.0 = Release|x86
		{E3E73B35-39BE-476C-A754-402A99144119}.Ad-Hoc|iPhone.Deploy.0 = Release|x86
		{E3E73B35-39BE-476C-A754-402A99144119}.Ad-Hoc|iPhoneSimulator.ActiveCfg = Release|x86
		{E3E73B35-39BE-476C-A754-402A99144119}.Ad-Hoc|iPhoneSimulator.Build.0 = Release|x86
		{E3E73B35-39BE-476C-A754-402A99144119}.Ad-Hoc|iPhoneSimulator.Deploy.0 = Release|x86
		{E3E73B35-39BE-476C-A754-402A99144119}.Ad-Hoc|x64.ActiveCfg = Release|x64
		{E3E73B35-39BE-476C-A754-402A99144119}.Ad-Hoc|x64.Build.0 = Release|x64
		{E3E73B35-39BE-476C-A754-402A99144119}.Ad-Hoc|x64.Deploy.0 = Release|x64
		{E3E73B35-39BE-476C-A754-402A99144119}.Ad-Hoc|x86.ActiveCfg = Release|x86
		{E3E73B35-39BE-476C-A754-402A99144119}.Ad-Hoc|x86.Build.0 = Release|x86
		{E3E73B35-39BE-476C-A754-402A99144119}.Ad-Hoc|x86.Deploy.0 = Release|x86
		{E3E73B35-39BE-476C-A754-402A99144119}.AppStore|Any CPU.ActiveCfg = Release|x86
		{E3E73B35-39BE-476C-A754-402A99144119}.AppStore|Any CPU.Build.0 = Release|x86
		{E3E73B35-39BE-476C-A754-402A99144119}.AppStore|Any CPU.Deploy.0 = Release|x86
		{E3E73B35-39BE-476C-A754-402A99144119}.AppStore|ARM.ActiveCfg = Release|ARM
		{E3E73B35-39BE-476C-A754-402A99144119}.AppStore|ARM.Build.0 = Release|ARM
		{E3E73B35-39BE-476C-A754-402A99144119}.AppStore|ARM.Deploy.0 = Release|ARM
		{E3E73B35-39BE-476C-A754-402A99144119}.AppStore|iPhone.ActiveCfg = Release|x86
		{E3E73B35-39BE-476C-A754-402A99144119}.AppStore|iPhone.Build.0 = Release|x86
		{E3E73B35-39BE-476C-A754-402A99144119}.AppStore|iPhone.Deploy.0 = Release|x86
		{E3E73B35-39BE-476C-A754-402A99144119}.AppStore|iPhoneSimulator.ActiveCfg = Release|x86
		{E3E73B35-39BE-476C-A754-402A99144119}.AppStore|iPhoneSimulator.Build.0 = Release|x86
		{E3E73B35-39BE-476C-A754-402A99144119}.AppStore|iPhoneSimulator.Deploy.0 = Release|x86
		{E3E73B35-39BE-476C-A754-402A99144119}.AppStore|x64.ActiveCfg = Release|x64
		{E3E73B35-39BE-476C-A754-402A99144119}.AppStore|x64.Build.0 = Release|x64
		{E3E73B35-39BE-476C-A754-402A99144119}.AppStore|x64.Deploy.0 = Release|x64
		{E3E73B35-39BE-476C-A754-402A99144119}.AppStore|x86.ActiveCfg = Release|x86
		{E3E73B35-39BE-476C-A754-402A99144119}.AppStore|x86.Build.0 = Release|x86
		{E3E73B35-39BE-476C-A754-402A99144119}.AppStore|x86.Deploy.0 = Release|x86
		{E3E73B35-39BE-476C-A754-402A99144119}.Debug|Any CPU.ActiveCfg = Debug|x86
		{E3E73B35-39BE-476C-A754-402A99144119}.Debug|Any CPU.Build.0 = Debug|x86
		{E3E73B35-39BE-476C-A754-402A99144119}.Debug|Any CPU.Deploy.0 = Debug|x86
		{E3E73B35-39BE-476C-A754-402A99144119}.Debug|ARM.ActiveCfg = Debug|ARM
		{E3E73B35-39BE-476C-A754-402A99144119}.Debug|ARM.Build.0 = Debug|ARM
		{E3E73B35-39BE-476C-A754-402A99144119}.Debug|ARM.Deploy.0 = Debug|ARM
		{E3E73B35-39BE-476C-A754-402A99144119}.Debug|iPhone.ActiveCfg = Debug|x86
		{E3E73B35-39BE-476C-A754-402A99144119}.Debug|iPhoneSimulator.ActiveCfg = Debug|x86
		{E3E73B35-39BE-476C-A754-402A99144119}.Debug|x64.ActiveCfg = Debug|x64
		{E3E73B35-39BE-476C-A754-402A99144119}.Debug|x64.Build.0 = Debug|x64
		{E3E73B35-39BE-476C-A754-402A99144119}.Debug|x64.Deploy.0 = Debug|x64
		{E3E73B35-39BE-476C-A754-402A99144119}.Debug|x86.ActiveCfg = Debug|x86
		{E3E73B35-39BE-476C-A754-402A99144119}.Debug|x86.Build.0 = Debug|x86
		{E3E73B35-39BE-476C-A754-402A99144119}.Debug|x86.Deploy.0 = Debug|x86
		{E3E73B35-39BE-476C-A754-402A99144119}.Release|Any CPU.ActiveCfg = Release|x86
		{E3E73B35-39BE-476C-A754-402A99144119}.Release|ARM.ActiveCfg = Release|ARM
		{E3E73B35-39BE-476C-A754-402A99144119}.Release|ARM.Build.0 = Release|ARM
		{E3E73B35-39BE-476C-A754-402A99144119}.Release|ARM.Deploy.0 = Release|ARM
		{E3E73B35-39BE-476C-A754-402A99144119}.Release|iPhone.ActiveCfg = Release|x86
		{E3E73B35-39BE-476C-A754-402A99144119}.Release|iPhoneSimulator.ActiveCfg = Release|x86
		{E3E73B35-39BE-476C-A754-402A99144119}.Release|x64.ActiveCfg = Release|x64
		{E3E73B35-39BE-476C-A754-402A99144119}.Release|x64.Build.0 = Release|x64
		{E3E73B35-39BE-476C-A754-402A99144119}.Release|x64.Deploy.0 = Release|x64
		{E3E73B35-39BE-476C-A754-402A99144119}.Release|x86.ActiveCfg = Release|x86
		{E3E73B35-39BE-476C-A754-402A99144119}.Release|x86.Build.0 = Release|x86
		{E3E73B35-39BE-476C-A754-402A99144119}.Release|x86.Deploy.0 = Release|x86
		{47553179-E04F-4465-BDC5-680F9F4BB130}.Ad-Hoc|Any CPU.ActiveCfg = Debug|Any CPU
		{47553179-E04F-4465-BDC5-680F9F4BB130}.Ad-Hoc|Any CPU.Build.0 = Debug|Any CPU
		{47553179-E04F-4465-BDC5-680F9F4BB130}.Ad-Hoc|ARM.ActiveCfg = Debug|Any CPU
		{47553179-E04F-4465-BDC5-680F9F4BB130}.Ad-Hoc|ARM.Build.0 = Debug|Any CPU
		{47553179-E04F-4465-BDC5-680F9F4BB130}.Ad-Hoc|iPhone.ActiveCfg = Debug|Any CPU
		{47553179-E04F-4465-BDC5-680F9F4BB130}.Ad-Hoc|iPhone.Build.0 = Debug|Any CPU
		{47553179-E04F-4465-BDC5-680F9F4BB130}.Ad-Hoc|iPhoneSimulator.ActiveCfg = Debug|Any CPU
		{47553179-E04F-4465-BDC5-680F9F4BB130}.Ad-Hoc|iPhoneSimulator.Build.0 = Debug|Any CPU
		{47553179-E04F-4465-BDC5-680F9F4BB130}.Ad-Hoc|x64.ActiveCfg = Debug|Any CPU
		{47553179-E04F-4465-BDC5-680F9F4BB130}.Ad-Hoc|x64.Build.0 = Debug|Any CPU
		{47553179-E04F-4465-BDC5-680F9F4BB130}.Ad-Hoc|x86.ActiveCfg = Debug|Any CPU
		{47553179-E04F-4465-BDC5-680F9F4BB130}.Ad-Hoc|x86.Build.0 = Debug|Any CPU
		{47553179-E04F-4465-BDC5-680F9F4BB130}.AppStore|Any CPU.ActiveCfg = Debug|Any CPU
		{47553179-E04F-4465-BDC5-680F9F4BB130}.AppStore|Any CPU.Build.0 = Debug|Any CPU
		{47553179-E04F-4465-BDC5-680F9F4BB130}.AppStore|ARM.ActiveCfg = Debug|Any CPU
		{47553179-E04F-4465-BDC5-680F9F4BB130}.AppStore|ARM.Build.0 = Debug|Any CPU
		{47553179-E04F-4465-BDC5-680F9F4BB130}.AppStore|iPhone.ActiveCfg = Debug|Any CPU
		{47553179-E04F-4465-BDC5-680F9F4BB130}.AppStore|iPhone.Build.0 = Debug|Any CPU
		{47553179-E04F-4465-BDC5-680F9F4BB130}.AppStore|iPhoneSimulator.ActiveCfg = Debug|Any CPU
		{47553179-E04F-4465-BDC5-680F9F4BB130}.AppStore|iPhoneSimulator.Build.0 = Debug|Any CPU
		{47553179-E04F-4465-BDC5-680F9F4BB130}.AppStore|x64.ActiveCfg = Debug|Any CPU
		{47553179-E04F-4465-BDC5-680F9F4BB130}.AppStore|x64.Build.0 = Debug|Any CPU
		{47553179-E04F-4465-BDC5-680F9F4BB130}.AppStore|x86.ActiveCfg = Debug|Any CPU
		{47553179-E04F-4465-BDC5-680F9F4BB130}.AppStore|x86.Build.0 = Debug|Any CPU
		{47553179-E04F-4465-BDC5-680F9F4BB130}.Debug|Any CPU.ActiveCfg = Debug|Any CPU
		{47553179-E04F-4465-BDC5-680F9F4BB130}.Debug|Any CPU.Build.0 = Debug|Any CPU
		{47553179-E04F-4465-BDC5-680F9F4BB130}.Debug|ARM.ActiveCfg = Debug|Any CPU
		{47553179-E04F-4465-BDC5-680F9F4BB130}.Debug|ARM.Build.0 = Debug|Any CPU
		{47553179-E04F-4465-BDC5-680F9F4BB130}.Debug|iPhone.ActiveCfg = Debug|Any CPU
		{47553179-E04F-4465-BDC5-680F9F4BB130}.Debug|iPhone.Build.0 = Debug|Any CPU
		{47553179-E04F-4465-BDC5-680F9F4BB130}.Debug|iPhoneSimulator.ActiveCfg = Debug|Any CPU
		{47553179-E04F-4465-BDC5-680F9F4BB130}.Debug|iPhoneSimulator.Build.0 = Debug|Any CPU
		{47553179-E04F-4465-BDC5-680F9F4BB130}.Debug|x64.ActiveCfg = Debug|Any CPU
		{47553179-E04F-4465-BDC5-680F9F4BB130}.Debug|x64.Build.0 = Debug|Any CPU
		{47553179-E04F-4465-BDC5-680F9F4BB130}.Debug|x86.ActiveCfg = Debug|Any CPU
		{47553179-E04F-4465-BDC5-680F9F4BB130}.Debug|x86.Build.0 = Debug|Any CPU
		{47553179-E04F-4465-BDC5-680F9F4BB130}.Release|Any CPU.ActiveCfg = Release|Any CPU
		{47553179-E04F-4465-BDC5-680F9F4BB130}.Release|Any CPU.Build.0 = Release|Any CPU
		{47553179-E04F-4465-BDC5-680F9F4BB130}.Release|ARM.ActiveCfg = Release|Any CPU
		{47553179-E04F-4465-BDC5-680F9F4BB130}.Release|ARM.Build.0 = Release|Any CPU
		{47553179-E04F-4465-BDC5-680F9F4BB130}.Release|iPhone.ActiveCfg = Release|Any CPU
		{47553179-E04F-4465-BDC5-680F9F4BB130}.Release|iPhone.Build.0 = Release|Any CPU
		{47553179-E04F-4465-BDC5-680F9F4BB130}.Release|iPhoneSimulator.ActiveCfg = Release|Any CPU
		{47553179-E04F-4465-BDC5-680F9F4BB130}.Release|iPhoneSimulator.Build.0 = Release|Any CPU
		{47553179-E04F-4465-BDC5-680F9F4BB130}.Release|x64.ActiveCfg = Release|Any CPU
		{47553179-E04F-4465-BDC5-680F9F4BB130}.Release|x64.Build.0 = Release|Any CPU
		{47553179-E04F-4465-BDC5-680F9F4BB130}.Release|x86.ActiveCfg = Release|Any CPU
		{47553179-E04F-4465-BDC5-680F9F4BB130}.Release|x86.Build.0 = Release|Any CPU
	EndGlobalSection
	GlobalSection(SolutionProperties) = preSolution
		HideSolutionNode = FALSE
	EndGlobalSection
	GlobalSection(NestedProjects) = preSolution
		{27F8C498-7A48-4C7A-B898-0B0FB720D1E6} = {EB5FCC14-C72A-4710-90AA-8FB784354B46}
		{436C1E1F-20C6-4532-8A8B-58F7F5034EC0} = {EB5FCC14-C72A-4710-90AA-8FB784354B46}
		{E3E73B35-39BE-476C-A754-402A99144119} = {EB5FCC14-C72A-4710-90AA-8FB784354B46}
		{47553179-E04F-4465-BDC5-680F9F4BB130} = {580DE448-03FD-44DB-89A4-4E33A02F76E2}
	EndGlobalSection
EndGlobal
